
Microsoft Visual Studio Solution File, Format Version 12.00
# Visual Studio Version 17
VisualStudioVersion = 17.3.32825.248
MinimumVisualStudioVersion = 10.0.40219.1
Project("{FAE04EC0-301F-11D3-BF4B-00C04F79EFBC}") = "Матрица Перерождение", "Матрица Перерождение\Матрица Перерождение.csproj", "{6ABB93CA-8368-4EE9-BFB3-EEC2B35BE069}"
EndProject
Global
	GlobalSection(SolutionConfigurationPlatforms) = preSolution
		Debug|Any CPU = Debug|Any CPU
		Release|Any CPU = Release|Any CPU
	EndGlobalSection
	GlobalSection(ProjectConfigurationPlatforms) = postSolution
		{6ABB93CA-8368-4EE9-BFB3-EEC2B35BE069}.Debug|Any CPU.ActiveCfg = Debug|Any CPU
		{6ABB93CA-8368-4EE9-BFB3-EEC2B35BE069}.Debug|Any CPU.Build.0 = Debug|Any CPU
		{6ABB93CA-8368-4EE9-BFB3-EEC2B35BE069}.Release|Any CPU.ActiveCfg = Release|Any CPU
		{6ABB93CA-8368-4EE9-BFB3-EEC2B35BE069}.Release|Any CPU.Build.0 = Release|Any CPU
	EndGlobalSection
	GlobalSection(SolutionProperties) = preSolution
		HideSolutionNode = FALSE
	EndGlobalSection
	GlobalSection(ExtensibilityGlobals) = postSolution
		SolutionGuid = {0106112A-0C0A-40D1-B26C-71D07655C91E}
	EndGlobalSection
EndGlobal
